<Project xmlns="http://schemas.microsoft.com/developer/msbuild/2003">
    <PropertyGroup>
        <ProjectGuid>{7B31F687-ED58-4E67-852D-BBC89224B307}</ProjectGuid>
        <MainSource>Geoblock.dpr</MainSource>
        <Base>True</Base>
        <Config Condition="'$(Config)'==''">Debug</Config>
        <TargetedPlatforms>1</TargetedPlatforms>
        <AppType>Application</AppType>
        <FrameworkType>VCL</FrameworkType>
        <ProjectVersion>19.4</ProjectVersion>
        <Platform Condition="'$(Platform)'==''">Win32</Platform>
    </PropertyGroup>
    <PropertyGroup Condition="'$(Config)'=='Base' or '$(Base)'!=''">
        <Base>true</Base>
    </PropertyGroup>
    <PropertyGroup Condition="('$(Platform)'=='Win32' and '$(Base)'=='true') or '$(Base_Win32)'!=''">
        <Base_Win32>true</Base_Win32>
        <CfgParent>Base</CfgParent>
        <Base>true</Base>
    </PropertyGroup>
    <PropertyGroup Condition="'$(Config)'=='Release' or '$(Cfg_1)'!=''">
        <Cfg_1>true</Cfg_1>
        <CfgParent>Base</CfgParent>
        <Base>true</Base>
    </PropertyGroup>
    <PropertyGroup Condition="('$(Platform)'=='Win32' and '$(Cfg_1)'=='true') or '$(Cfg_1_Win32)'!=''">
        <Cfg_1_Win32>true</Cfg_1_Win32>
        <CfgParent>Cfg_1</CfgParent>
        <Cfg_1>true</Cfg_1>
        <Base>true</Base>
    </PropertyGroup>
    <PropertyGroup Condition="'$(Config)'=='Debug' or '$(Cfg_2)'!=''">
        <Cfg_2>true</Cfg_2>
        <CfgParent>Base</CfgParent>
        <Base>true</Base>
    </PropertyGroup>
    <PropertyGroup Condition="('$(Platform)'=='Win32' and '$(Cfg_2)'=='true') or '$(Cfg_2_Win32)'!=''">
        <Cfg_2_Win32>true</Cfg_2_Win32>
        <CfgParent>Cfg_2</CfgParent>
        <Cfg_2>true</Cfg_2>
        <Base>true</Base>
    </PropertyGroup>
    <PropertyGroup Condition="'$(Base)'!=''">
        <UsePackages>true</UsePackages>
        <SanitizedProjectName>Geoblock</SanitizedProjectName>
        <DCC_S>false</DCC_S>
        <VerInfo_Keys>CompanyName=;FileDescription=;FileVersion=1.0.0.0;InternalName=;LegalCopyright=;LegalTrademarks=;OriginalFilename=;ProductName=;ProductVersion=1.0.0.0;Comments=;CFBundleName=;CFBundleDisplayName=;CFBundleIdentifier=;CFBundleVersion=;CFBundlePackageType=;CFBundleSignature=;CFBundleAllowMixedLocalizations=;CFBundleExecutable=</VerInfo_Keys>
        <VerInfo_Locale>1049</VerInfo_Locale>
        <DCC_N>false</DCC_N>
        <DCC_F>false</DCC_F>
        <DCC_Namespace>Vcl;Vcl.Imaging;Vcl.Touch;Vcl.Samples;Vcl.Shell;System;Xml;Data;Datasnap;Web;Soap;Winapi;System.Win;Bde;VclTee;$(DCC_Namespace)</DCC_Namespace>
        <DCC_E>false</DCC_E>
        <DCC_K>false</DCC_K>
        <DCC_ImageBase>00400000</DCC_ImageBase>
    </PropertyGroup>
    <PropertyGroup Condition="'$(Base_Win32)'!=''">
        <UWP_DelphiLogo150>$(BDS)\bin\Artwork\Windows\UWP\delphi_UwpDefault_150.png</UWP_DelphiLogo150>
        <UWP_DelphiLogo44>$(BDS)\bin\Artwork\Windows\UWP\delphi_UwpDefault_44.png</UWP_DelphiLogo44>
        <DCC_UsePackage>rtl;vclx;vcl;dbrtl;vcldb;vcldbx;bdertl;$(DCC_UsePackage)</DCC_UsePackage>
        <AppEnableRuntimeThemes>true</AppEnableRuntimeThemes>
        <VerInfo_MinorVer>3</VerInfo_MinorVer>
        <VerInfo_Release>15</VerInfo_Release>
        <VerInfo_MajorVer>2015</VerInfo_MajorVer>
        <VerInfo_IncludeVerInfo>true</VerInfo_IncludeVerInfo>
        <Icon_MainIcon>Bin\Geoblock.ico</Icon_MainIcon>
        <VerInfo_Locale>1033</VerInfo_Locale>
        <Manifest_File>$(BDS)\bin\default_app.manifest</Manifest_File>
        <DCC_Namespace>Data.Win;Datasnap.Win;Web.Win;Soap.Win;Xml.Win;$(DCC_Namespace)</DCC_Namespace>
        <VerInfo_Keys>CompanyName=;FileVersion=2015.3.15.0;InternalName=;LegalCopyright=;LegalTrademarks=;OriginalFilename=;ProductVersion=1.0.0.0;Comments=;ProgramID=com.embarcadero.$(MSBuildProjectName);FileDescription=$(MSBuildProjectName);ProductName=$(MSBuildProjectName)</VerInfo_Keys>
    </PropertyGroup>
    <PropertyGroup Condition="'$(Cfg_1)'!=''">
        <DCC_DebugInformation>0</DCC_DebugInformation>
        <DCC_Define>RELEASE;$(DCC_Define)</DCC_Define>
        <DCC_SymbolReferenceInfo>0</DCC_SymbolReferenceInfo>
        <DCC_LocalDebugSymbols>false</DCC_LocalDebugSymbols>
    </PropertyGroup>
    <PropertyGroup Condition="'$(Cfg_1_Win32)'!=''">
        <VerInfo_Locale>1033</VerInfo_Locale>
        <VerInfo_Release>15</VerInfo_Release>
        <AppEnableRuntimeThemes>true</AppEnableRuntimeThemes>
        <UsePackages>true</UsePackages>
        <Icon_MainIcon>Bin\Geoblock.ico</Icon_MainIcon>
        <VerInfo_IncludeVerInfo>true</VerInfo_IncludeVerInfo>
        <VerInfo_Keys>CompanyName=;FileVersion=2015.3.15.0;InternalName=;LegalCopyright=;LegalTrademarks=;OriginalFilename=;ProductVersion=1.0.0.0;Comments=;ProgramID=com.embarcadero.$(MSBuildProjectName);FileDescription=$(MSBuildProjectName);ProductName=$(MSBuildProjectName)</VerInfo_Keys>
        <VerInfo_MajorVer>2015</VerInfo_MajorVer>
        <VerInfo_MinorVer>3</VerInfo_MinorVer>
    </PropertyGroup>
    <PropertyGroup Condition="'$(Cfg_2)'!=''">
        <DCC_GenerateStackFrames>true</DCC_GenerateStackFrames>
        <DCC_Define>DEBUG;$(DCC_Define)</DCC_Define>
        <DCC_Optimize>false</DCC_Optimize>
    </PropertyGroup>
    <PropertyGroup Condition="'$(Cfg_2_Win32)'!=''">
        <UsePackages>true</UsePackages>
        <DCC_DcuOutput>.\lib</DCC_DcuOutput>
        <BT_BuildType>Debug</BT_BuildType>
        <DCC_UnitSearchPath>.\Source\Code;.\Source\Comps;.\Source\Interface;.\Source\Scene;$(DCC_UnitSearchPath)</DCC_UnitSearchPath>
        <DCC_AdditionalSwitches>-LUDesignIDE </DCC_AdditionalSwitches>
        <AppEnableRuntimeThemes>true</AppEnableRuntimeThemes>
        <VerInfo_Release>10</VerInfo_Release>
        <Icon_MainIcon>Bin\Geoblock.ico</Icon_MainIcon>
        <VerInfo_MajorVer>2020</VerInfo_MajorVer>
        <VerInfo_MinorVer>7</VerInfo_MinorVer>
        <VerInfo_AutoIncVersion>true</VerInfo_AutoIncVersion>
        <VerInfo_Build>795</VerInfo_Build>
        <VerInfo_Locale>1033</VerInfo_Locale>
        <DCC_ExeOutput>.\Bin</DCC_ExeOutput>
        <VerInfo_IncludeVerInfo>true</VerInfo_IncludeVerInfo>
        <VerInfo_Keys>CompanyName=Getos Ltd;FileVersion=2020.7.10.795;InternalName=;LegalCopyright=;LegalTrademarks=;OriginalFilename=;ProductName=Geoblock;ProductVersion=1.2.3.4;Comments=;ProgramID=com.embarcadero.$(MSBuildProjectName);FileDescription=$(MSBuildProjectName)</VerInfo_Keys>
        <DCC_ObjOutput>.\lib</DCC_ObjOutput>
        <DCC_BpiOutput>.\lib</DCC_BpiOutput>
        <DCC_HppOutput>.\include</DCC_HppOutput>
        <BRCC_IncludePath>.\Source\Code;.\Source\Comp;.\Source\Interface;.\Source\Module;.\Source\Scene;.\Source\Comp;.\Source\Interface;.\Source\Module;.\Source\Scene</BRCC_IncludePath>
    </PropertyGroup>
    <ItemGroup>
        <DelphiCompile Include="$(MainSource)">
            <MainSource>MainSource</MainSource>
        </DelphiCompile>
        <DCCReference Include="Source\Interface\dDialogs.pas">
            <Form>dmDialogs</Form>
            <DesignClass>TDataModule</DesignClass>
        </DCCReference>
        <DCCReference Include="Source\Interface\dBase.pas">
            <Form>dmBase</Form>
            <DesignClass>TDataModule</DesignClass>
        </DCCReference>
        <DCCReference Include="Source\Interface\fInitialForm.pas">
            <Form>fmInitialForm</Form>
        </DCCReference>
        <DCCReference Include="Source\Interface\fInitialDialog.pas">
            <Form>fmInitialDialog</Form>
        </DCCReference>
        <DCCReference Include="Source\Interface\fMethodDialog.pas">
            <Form>fmMethodDialog</Form>
        </DCCReference>
        <DCCReference Include="Source\Interface\fMethodDualDialog.pas">
            <Form>fmMethodDualDialog</Form>
        </DCCReference>
        <DCCReference Include="Source\Interface\fOptionDialog.pas">
            <Form>fmOptionDialog</Form>
        </DCCReference>
        <DCCReference Include="Source\Interface\fFileOpenDialog.pas">
            <Form>fmFileOpenDialog</Form>
        </DCCReference>
        <DCCReference Include="Source\Interface\fPageDialog.pas">
            <Form>fmPageDialog</Form>
        </DCCReference>
        <DCCReference Include="Source\Interface\fPageTreeDialog.pas">
            <Form>fmPageTreeDialog</Form>
        </DCCReference>
        <DCCReference Include="Source\Interface\fFileEditGridPars.pas">
            <Form>fmFileEditGridPars</Form>
        </DCCReference>
        <DCCReference Include="Source\Interface\fGeoblock.pas">
            <Form>fmGeoblock</Form>
        </DCCReference>
        <DCCReference Include="Source\Interface\fMethodEvaluation.pas">
            <Form>fmMethodEvaluation</Form>
        </DCCReference>
        <DCCReference Include="Source\Interface\fHelpAbout.pas">
            <Form>fmHelpAbout</Form>
        </DCCReference>
        <DCCReference Include="Source\Interface\fToolsConfiguration.pas">
            <Form>fmToolsConfiguration</Form>
        </DCCReference>
        <DCCReference Include="Source\Interface\fDrawFillStyle.pas">
            <Form>fmDrawFillStyle</Form>
        </DCCReference>
        <DCCReference Include="Source\Interface\fDisplayGrid3DOptions.pas">
            <Form>fmDisplayGrid3DOptions</Form>
        </DCCReference>
        <DCCReference Include="Source\Interface\fComposeLinearReserves.pas">
            <Form>fmComposeLinearReserves</Form>
        </DCCReference>
        <DCCReference Include="Source\Interface\fDisplayTinOptions.pas">
            <Form>fmDisplayTinOptions</Form>
        </DCCReference>
        <DCCReference Include="Source\Interface\fDisplayPoints2DOptions.pas">
            <Form>fmDisplayPoints2DOptions</Form>
        </DCCReference>
        <DCCReference Include="Source\Interface\fDisplayPoints3DOptions.pas">
            <Form>fmDisplayPoints3DOptions</Form>
        </DCCReference>
        <DCCReference Include="Source\Interface\fDisplayGrid2DOptions.pas">
            <Form>fmDisplayGrid2DOptions</Form>
        </DCCReference>
        <DCCReference Include="Source\Interface\fDisplayMesh3DOptions.pas">
            <Form>fmDisplayMesh3DOptions</Form>
        </DCCReference>
        <DCCReference Include="Source\Interface\fDisplayMesh2DOptions.pas">
            <Form>fmDisplayMesh2DOptions</Form>
        </DCCReference>
        <DCCReference Include="Source\Interface\fComposeByHorizons.pas">
            <Form>fmComposeByHorizons</Form>
        </DCCReference>
        <DCCReference Include="Source\Interface\fDisplayHolesOptions.pas">
            <Form>fmDisplayHolesOptions</Form>
        </DCCReference>
        <DCCReference Include="Source\Interface\fDisplayPolygonsOptions.pas">
            <Form>fmDisplayPolygonsOptions</Form>
        </DCCReference>
        <DCCReference Include="Source\Interface\fPerformVectors.pas">
            <Form>fmPerformVectors</Form>
        </DCCReference>
        <DCCReference Include="Source\Interface\fPerformContours.pas">
            <Form>fmPerformContours</Form>
        </DCCReference>
        <DCCReference Include="Source\Interface\fPerformIsosurfaces.pas">
            <Form>fmPerformIsosurfaces</Form>
        </DCCReference>
        <DCCReference Include="Source\Interface\fComposeOreIntervals.pas">
            <Form>fmComposeOreIntervals</Form>
        </DCCReference>
        <DCCReference Include="Source\Interface\fDrawLineStyle.pas">
            <Form>fmDrawLineStyle</Form>
        </DCCReference>
        <DCCReference Include="Source\Interface\fMethodGridGeneration.pas">
            <Form>fmMethodGridGeneration</Form>
        </DCCReference>
        <DCCReference Include="Source\Interface\fToolsUnitsConverter.pas">
            <Form>fmToolsUnitsConverter</Form>
        </DCCReference>
        <DCCReference Include="Source\Interface\fMethodTriangulation.pas">
            <Form>fmMethodTriangulation</Form>
        </DCCReference>
        <DCCReference Include="Source\Interface\fReserveCutOptions.pas">
            <Form>fmReserveCutOptions</Form>
        </DCCReference>
        <DCCReference Include="Source\Interface\fDrawObjectDepth.pas">
            <Form>fmDrawObjectDepth</Form>
        </DCCReference>
        <DCCReference Include="Source\Interface\fEditCalcField.pas">
            <Form>fmEditCalcField</Form>
        </DCCReference>
        <DCCReference Include="Source\Interface\fEditDeleteField.pas">
            <Form>fmEditDeleteField</Form>
        </DCCReference>
        <DCCReference Include="Source\Interface\fEditMemoField.pas">
            <Form>fmEditMemoField</Form>
        </DCCReference>
        <DCCReference Include="Source\Interface\fEditLookupField.pas">
            <Form>fmEditLookupField</Form>
        </DCCReference>
        <DCCReference Include="Source\Interface\fMethodInterpolation.pas">
            <Form>fmMethodInterpolation</Form>
        </DCCReference>
        <DCCReference Include="Source\Interface\fInterKriging.pas">
            <Form>fmInterKriging</Form>
        </DCCReference>
        <DCCReference Include="Source\Interface\fInterPolynomRegression.pas">
            <Form>fmInterPolynomialRegression</Form>
        </DCCReference>
        <DCCReference Include="Source\Interface\fDisplaySolidOptions.pas">
            <Form>fmDisplaySolidsOptions</Form>
        </DCCReference>
        <DCCReference Include="Source\Interface\fMapLight.pas">
            <Form>fmMapLighting</Form>
        </DCCReference>
        <DCCReference Include="Source\Interface\fAnalyseReserves.pas">
            <Form>fmAnalyseReserves</Form>
        </DCCReference>
        <DCCReference Include="Source\Interface\fFileImageRegistration.pas">
            <Form>fmFileImageRegistration</Form>
        </DCCReference>
        <DCCReference Include="Source\Interface\fRecordEditor.pas">
            <Form>fmRecordEditor</Form>
        </DCCReference>
        <DCCReference Include="Source\Interface\fMethodSetOperations.pas">
            <Form>fmMethodSetOperations</Form>
        </DCCReference>
        <DCCReference Include="Source\Interface\fComposeCenters.pas">
            <Form>fmComposeCenters</Form>
        </DCCReference>
        <DCCReference Include="Source\Interface\fViewRotate.pas">
            <Form>fmViewRotate</Form>
        </DCCReference>
        <DCCReference Include="Source\Interface\fEditRenField.pas">
            <Form>fmEditRenField</Form>
        </DCCReference>
        <DCCReference Include="Source\Interface\fViewScale.pas">
            <Form>fmViewScale</Form>
        </DCCReference>
        <DCCReference Include="Source\Interface\fEditAddField.pas">
            <Form>fmEditAddField</Form>
        </DCCReference>
        <DCCReference Include="Source\Interface\fFileExport.pas">
            <Form>fmFileExport</Form>
        </DCCReference>
        <DCCReference Include="Source\Interface\fFileEditWhittlePars.pas">
            <Form>fmFileEditWhittlePars</Form>
        </DCCReference>
        <DCCReference Include="Source\Interface\fInfoDialog.pas">
            <Form>fmInfoDialog</Form>
        </DCCReference>
        <DCCReference Include="Source\Interface\fFileImport.pas">
            <Form>fmFileImport</Form>
        </DCCReference>
        <DCCReference Include="Source\Interface\fEditQuery.pas">
            <Form>fmEditQuery</Form>
        </DCCReference>
        <DCCReference Include="Source\Interface\fEditGetStatist.pas">
            <Form>fmEditGetStatist</Form>
        </DCCReference>
        <DCCReference Include="Source\Interface\fToolsSurveyCalculator.pas">
            <Form>fmToolsSurveyCalculator</Form>
        </DCCReference>
        <DCCReference Include="Source\Interface\fAnalyseVariograms.pas">
            <Form>fmAnalyseVariograms</Form>
        </DCCReference>
        <DCCReference Include="Source\Interface\fMapLegend.pas">
            <Form>fmMapLegend</Form>
        </DCCReference>
        <DCCReference Include="Source\Interface\fEditFileXML.pas">
            <Form>fmEditFileXML</Form>
        </DCCReference>
        <DCCReference Include="Source\Interface\fToolsGeometryCalculator.pas">
            <Form>fmToolsGeometryCalculator</Form>
        </DCCReference>
        <DCCReference Include="Source\Interface\fToolsGeologyCalculator.pas">
            <Form>fmToolsGeologyCalculator</Form>
        </DCCReference>
        <DCCReference Include="Source\Interface\fComposeContacts.pas">
            <Form>fmComposeContacts</Form>
        </DCCReference>
        <DCCReference Include="Source\Interface\fToolsMiningCalculator.pas">
            <Form>fmToolsMiningCalculator</Form>
        </DCCReference>
        <DCCReference Include="Source\Interface\fViewProjectManager.pas">
            <Form>fmViewProjectManager</Form>
        </DCCReference>
        <DCCReference Include="Source\Interface\fStartup.pas">
            <Form>fmStartup</Form>
        </DCCReference>
        <DCCReference Include="Source\Interface\iReinit.pas"/>
        <DCCReference Include="Source\Interface\fMethodConversion.pas">
            <Form>fmMethodConversion</Form>
        </DCCReference>
        <DCCReference Include="Source\Interface\fMethodTransformation.pas">
            <Form>fmMethodTransformation</Form>
        </DCCReference>
        <DCCReference Include="Source\Interface\fMapWindow.pas">
            <Form>fmMapWindow</Form>
        </DCCReference>
        <DCCReference Include="Source\Interface\fTableWindow.pas">
            <Form>fmTableWindow</Form>
        </DCCReference>
        <DCCReference Include="Source\Interface\fGraphWindow.pas">
            <Form>fmGraphWindow</Form>
        </DCCReference>
        <DCCReference Include="Source\Interface\fDrawImageEditor.pas">
            <Form>fmDrawImageEditor</Form>
        </DCCReference>
        <DCCReference Include="Source\Interface\fDrawSymbolStyle.pas">
            <Form>fmDrawSymbolStyle</Form>
        </DCCReference>
        <DCCReference Include="Source\Interface\fFileOpenText.pas">
            <Form>fmFileOpenText</Form>
        </DCCReference>
        <DCCReference Include="Source\Interface\fAnalyseProblems.pas">
            <Form>fmAnalyseProblems</Form>
        </DCCReference>
        <DCCReference Include="Source\Interface\fComposeOreSorts.pas">
            <Form>fmComposeOreSorts</Form>
        </DCCReference>
        <DCCReference Include="Source\Interface\fMethodVarioModeller.pas">
            <Form>fmMethodVarioModeller</Form>
        </DCCReference>
        <DCCReference Include="Source\Interface\fViewVariogram.pas">
            <Form>fmViewVariogram</Form>
        </DCCReference>
        <DCCReference Include="Source\Interface\fMapScenery.pas">
            <Form>fmMapScenery</Form>
        </DCCReference>
        <DCCReference Include="Source\Interface\fFileDataBrowser.pas">
            <Form>fmFileDataBrowser</Form>
        </DCCReference>
        <DCCReference Include="Source\Interface\fTerraContours.pas">
            <Form>fmGSContours</Form>
        </DCCReference>
        <DCCReference Include="Source\Interface\fTerraScene.pas">
            <Form>fmGeoScene</Form>
        </DCCReference>
        <DCCReference Include="Source\Interface\fTerraSplash.pas">
            <Form>fmGS_Splash</Form>
        </DCCReference>
        <DCCReference Include="Source\Interface\fFileOpenModel.pas">
            <Form>fmFileOpenModel</Form>
        </DCCReference>
        <DCCReference Include="Source\Interface\fMethodPitOptimization.pas">
            <Form>fmMethodPitOptimization</Form>
        </DCCReference>
        <DCCReference Include="Source\Interface\fMethodPrediction.pas"/>
        <DCCReference Include="Source\Interface\fEditRecord.pas">
            <Form>fmInitialDialog1</Form>
        </DCCReference>
        <DCCReference Include="Source\Interface\fEditVariogram.pas">
            <Form>fmEditVariogram</Form>
        </DCCReference>
        <DCCReference Include="Source\Interface\fInterLinear.pas">
            <Form>fmInterLinear</Form>
        </DCCReference>
        <DCCReference Include="Source\Interface\fViewHorizon.pas">
            <Form>fmViewHorizon</Form>
        </DCCReference>
        <DCCReference Include="Source\Interface\fViewDataVisualizer.pas">
            <Form>fmInitialForm1</Form>
        </DCCReference>
        <DCCReference Include="Source\Code\uResStrings.pas"/>
        <DCCReference Include="Source\Code\uGlobals.pas"/>
        <DCCReference Include="Source\Code\uCommon.pas"/>
        <DCCReference Include="Source\Code\uInterpol.pas"/>
        <DCCReference Include="Source\Code\uPluginMng.pas"/>
        <DCCReference Include="Source\Code\uPluginReg.pas"/>
        <DCCReference Include="Source\Code\uProfuns.pas"/>
        <DCCReference Include="Source\Code\uSorting.pas"/>
        <DCCReference Include="Source\Code\uVariograms.pas"/>
        <DCCReference Include="Source\Code\uDelaunay2D.pas"/>
        <DCCReference Include="Source\Code\uIOPoly.pas"/>
        <DCCReference Include="Source\Code\uDrawVor.pas"/>
        <DCCReference Include="Source\Code\uInverseDistance.pas"/>
        <DCCReference Include="Source\Code\uSuperblock.pas"/>
        <DCCReference Include="Source\Code\uLinearByTin.pas"/>
        <DCCReference Include="Source\Code\uNaturalNeighbors.pas"/>
        <DCCReference Include="Source\Code\uKriging.pas"/>
        <DCCReference Include="Source\Code\uClosestPointInt.pas"/>
        <DCCReference Include="Source\Code\uPolynomialRegression.pas"/>
        <DCCReference Include="Source\Code\uDelaunay3D.pas"/>
        <DCCReference Include="Source\Code\uObjects3D.pas"/>
        <DCCReference Include="Source\Code\uTerraLayers.pas"/>
        <DCCReference Include="Source\Code\uTerraModel.pas"/>
        <DCCReference Include="Source\Code\uTerraObjects.pas"/>
        <DCCReference Include="Source\Code\uTerraSound.pas"/>
        <DCCReference Include="Source\Code\uModels.pas"/>
        <DCCReference Include="Source\Code\uOptimizeLG.pas"/>
        <DCCReference Include="Source\Code\uFileCreator.pas"/>
        <DCCReference Include="Source\Code\uTerraLoader.pas"/>
        <DCCReference Include="Source\Code\GnuGetText.pas"/>
        <DCCReference Include="Source\Code\uWhittle.pas"/>
        <DCCReference Include="Source\Code\uDiscoMetric.pas"/>
        <DCCReference Include="Source\Code\uDiscoCore.pas"/>
        <DCCReference Include="Source\Code\uDiscoPoly.pas"/>
        <DCCReference Include="Source\Code\uTerraBalloon.pas"/>
        <DCCReference Include="Source\Interface\iToolsGBA.pas"/>
        <DCCReference Include="Source\Interface\fTerraSceneVR.pas">
            <Form>fmSceneVR</Form>
        </DCCReference>
        <DCCReference Include="Source\Code\uOptimizePF.pas"/>
        <DCCReference Include="Source\Interface\fMethodOctree.pas">
            <Form>fmMethodOctree</Form>
            <FormType>dfm</FormType>
        </DCCReference>
        <DCCReference Include="Source\Interface\fMethodSimulation.pas">
            <Form>fmFileNew</Form>
            <FormType>dfm</FormType>
        </DCCReference>
        <BuildConfiguration Include="Base">
            <Key>Base</Key>
        </BuildConfiguration>
        <BuildConfiguration Include="Release">
            <Key>Cfg_1</Key>
            <CfgParent>Base</CfgParent>
        </BuildConfiguration>
    </ItemGroup>
    <ProjectExtensions>
        <Borland.Personality>Delphi.Personality.12</Borland.Personality>
        <Borland.ProjectType/>
        <BorlandProject>
            <Delphi.Personality>
                <Source>
                    <Source Name="MainSource">Geoblock.dpr</Source>
                </Source>
                <VersionInfo>
                    <VersionInfo Name="IncludeVerInfo">False</VersionInfo>
                    <VersionInfo Name="AutoIncBuild">False</VersionInfo>
                    <VersionInfo Name="MajorVer">1</VersionInfo>
                    <VersionInfo Name="MinorVer">0</VersionInfo>
                    <VersionInfo Name="Release">0</VersionInfo>
                    <VersionInfo Name="Build">0</VersionInfo>
                    <VersionInfo Name="Debug">False</VersionInfo>
                    <VersionInfo Name="PreRelease">False</VersionInfo>
                    <VersionInfo Name="Special">False</VersionInfo>
                    <VersionInfo Name="Private">False</VersionInfo>
                    <VersionInfo Name="DLL">False</VersionInfo>
                    <VersionInfo Name="Locale">1049</VersionInfo>
                    <VersionInfo Name="CodePage">1251</VersionInfo>
                </VersionInfo>
                <VersionInfoKeys>
                    <VersionInfoKeys Name="CompanyName"/>
                    <VersionInfoKeys Name="FileDescription"/>
                    <VersionInfoKeys Name="FileVersion">1.0.0.0</VersionInfoKeys>
                    <VersionInfoKeys Name="InternalName"/>
                    <VersionInfoKeys Name="LegalCopyright"/>
                    <VersionInfoKeys Name="LegalTrademarks"/>
                    <VersionInfoKeys Name="OriginalFilename"/>
                    <VersionInfoKeys Name="ProductName"/>
                    <VersionInfoKeys Name="ProductVersion">1.0.0.0</VersionInfoKeys>
                    <VersionInfoKeys Name="Comments"/>
                    <VersionInfoKeys Name="CFBundleName"/>
                    <VersionInfoKeys Name="CFBundleDisplayName"/>
                    <VersionInfoKeys Name="CFBundleIdentifier"/>
                    <VersionInfoKeys Name="CFBundleVersion"/>
                    <VersionInfoKeys Name="CFBundlePackageType"/>
                    <VersionInfoKeys Name="CFBundleSignature"/>
                    <VersionInfoKeys Name="CFBundleAllowMixedLocalizations"/>
                    <VersionInfoKeys Name="CFBundleExecutable"/>
                </VersionInfoKeys>
                <Excluded_Packages>
                    <Excluded_Packages Name="$(BDSBIN)\bcboffice2k280.bpl">Embarcadero C++Builder Office 2000 Servers Package</Excluded_Packages>
                    <Excluded_Packages Name="$(BDSBIN)\bcbofficexp280.bpl">Embarcadero C++Builder Office XP Servers Package</Excluded_Packages>
                    <Excluded_Packages Name="$(BDSBIN)\dcloffice2k280.bpl">Microsoft Office 2000 Sample Automation Server Wrapper Components</Excluded_Packages>
                    <Excluded_Packages Name="$(BDSBIN)\dclofficexp280.bpl">Microsoft Office XP Sample Automation Server Wrapper Components</Excluded_Packages>
                </Excluded_Packages>
            </Delphi.Personality>
            <Platforms>
                <Platform value="Win32">True</Platform>
            </Platforms>
        </BorlandProject>
        <ProjectFileVersion>12</ProjectFileVersion>
    </ProjectExtensions>
    <Import Project="$(BDS)\Bin\CodeGear.Delphi.Targets" Condition="Exists('$(BDS)\Bin\CodeGear.Delphi.Targets')"/>
    <Import Project="$(APPDATA)\Embarcadero\$(BDSAPPDATABASEDIR)\$(PRODUCTVERSION)\UserTools.proj" Condition="Exists('$(APPDATA)\Embarcadero\$(BDSAPPDATABASEDIR)\$(PRODUCTVERSION)\UserTools.proj')"/>
    <Import Project="$(MSBuildProjectName).deployproj" Condition="Exists('$(MSBuildProjectName).deployproj')"/>
</Project>
